// !$*UTF8*$!
{
	archiveVersion = 1;
	classes = {
	};
	objectVersion = 77;
	objects = {

/* Begin PBXBuildFile section */
		5B0E974D2E05DEFF00BA7CCC /* KeyboardShortcuts in Frameworks */ = {isa = PBXBuildFile; productRef = 5B0E974C2E05DEFF00BA7CCC /* KeyboardShortcuts */; };
/* End PBXBuildFile section */

/* Begin PBXContainerItemProxy section */
		5B0E96792E046AB300BA7CCC /* PBXContainerItemProxy */ = {
			isa = PBXContainerItemProxy;
			containerPortal = 5B0E965F2E046AB000BA7CCC /* Project object */;
			proxyType = 1;
			remoteGlobalIDString = 5B0E96662E046AB000BA7CCC;
			remoteInfo = JotDown;
		};
		5B0E96832E046AB300BA7CCC /* PBXContainerItemProxy */ = {
			isa = PBXContainerItemProxy;
			containerPortal = 5B0E965F2E046AB000BA7CCC /* Project object */;
			proxyType = 1;
			remoteGlobalIDString = 5B0E96662E046AB000BA7CCC;
			remoteInfo = JotDown;
		};
/* End PBXContainerItemProxy section */

/* Begin PBXFileReference section */
		5B0E96672E046AB000BA7CCC /* JotDown.app */ = {isa = PBXFileReference; explicitFileType = wrapper.application; includeInIndex = 0; path = JotDown.app; sourceTree = BUILT_PRODUCTS_DIR; };
		5B0E96782E046AB300BA7CCC /* JotDownTests.xctest */ = {isa = PBXFileReference; explicitFileType = wrapper.cfbundle; includeInIndex = 0; path = JotDownTests.xctest; sourceTree = BUILT_PRODUCTS_DIR; };
		5B0E96822E046AB300BA7CCC /* JotDownUITests.xctest */ = {isa = PBXFileReference; explicitFileType = wrapper.cfbundle; includeInIndex = 0; path = JotDownUITests.xctest; sourceTree = BUILT_PRODUCTS_DIR; };
/* End PBXFileReference section */

/* Begin PBXFileSystemSynchronizedBuildFileExceptionSet section */
		5B0E96A62E046B9C00BA7CCC /* Exceptions for "JotDown" folder in "JotDown" target */ = {
			isa = PBXFileSystemSynchronizedBuildFileExceptionSet;
			membershipExceptions = (
				Info.plist,
			);
			target = 5B0E96662E046AB000BA7CCC /* JotDown */;
		};
/* End PBXFileSystemSynchronizedBuildFileExceptionSet section */

/* Begin PBXFileSystemSynchronizedRootGroup section */
		5B0E96692E046AB000BA7CCC /* JotDown */ = {
			isa = PBXFileSystemSynchronizedRootGroup;
			exceptions = (
				5B0E96A62E046B9C00BA7CCC /* Exceptions for "JotDown" folder in "JotDown" target */,
			);
			path = JotDown;
			sourceTree = "<group>";
		};
		5B0E967B2E046AB300BA7CCC /* JotDownTests */ = {
			isa = PBXFileSystemSynchronizedRootGroup;
			path = JotDownTests;
			sourceTree = "<group>";
		};
		5B0E96852E046AB300BA7CCC /* JotDownUITests */ = {
			isa = PBXFileSystemSynchronizedRootGroup;
			path = JotDownUITests;
			sourceTree = "<group>";
		};
/* End PBXFileSystemSynchronizedRootGroup section */

/* Begin PBXFrameworksBuildPhase section */
		5B0E96642E046AB000BA7CCC /* Frameworks */ = {
			isa = PBXFrameworksBuildPhase;
			buildActionMask = 2147483647;
			files = (
				5B0E974D2E05DEFF00BA7CCC /* KeyboardShortcuts in Frameworks */,
			);
			runOnlyForDeploymentPostprocessing = 0;
		};
		5B0E96752E046AB300BA7CCC /* Frameworks */ = {
			isa = PBXFrameworksBuildPhase;
			buildActionMask = 2147483647;
			files = (
			);
			runOnlyForDeploymentPostprocessing = 0;
		};
		5B0E967F2E046AB300BA7CCC /* Frameworks */ = {
			isa = PBXFrameworksBuildPhase;
			buildActionMask = 2147483647;
			files = (
			);
			runOnlyForDeploymentPostprocessing = 0;
		};
/* End PBXFrameworksBuildPhase section */

/* Begin PBXGroup section */
		5B0E965E2E046AB000BA7CCC = {
			isa = PBXGroup;
			children = (
				5B0E96692E046AB000BA7CCC /* JotDown */,
				5B0E967B2E046AB300BA7CCC /* JotDownTests */,
				5B0E96852E046AB300BA7CCC /* JotDownUITests */,
				5B0E96682E046AB000BA7CCC /* Products */,
			);
			sourceTree = "<group>";
		};
		5B0E96682E046AB000BA7CCC /* Products */ = {
			isa = PBXGroup;
			children = (
				5B0E96672E046AB000BA7CCC /* JotDown.app */,
				5B0E96782E046AB300BA7CCC /* JotDownTests.xctest */,
				5B0E96822E046AB300BA7CCC /* JotDownUITests.xctest */,
			);
			name = Products;
			sourceTree = "<group>";
		};
/* End PBXGroup section */

/* Begin PBXNativeTarget section */
		5B0E96662E046AB000BA7CCC /* JotDown */ = {
			isa = PBXNativeTarget;
			buildConfigurationList = 5B0E968C2E046AB300BA7CCC /* Build configuration list for PBXNativeTarget "JotDown" */;
			buildPhases = (
				5B0E96632E046AB000BA7CCC /* Sources */,
				5B0E96642E046AB000BA7CCC /* Frameworks */,
				5B0E96652E046AB000BA7CCC /* Resources */,
			);
			buildRules = (
			);
			dependencies = (
			);
			fileSystemSynchronizedGroups = (
				5B0E96692E046AB000BA7CCC /* JotDown */,
			);
			name = JotDown;
			packageProductDependencies = (
				5B0E974C2E05DEFF00BA7CCC /* KeyboardShortcuts */,
			);
			productName = JotDown;
			productReference = 5B0E96672E046AB000BA7CCC /* JotDown.app */;
			productType = "com.apple.product-type.application";
		};
		5B0E96772E046AB300BA7CCC /* JotDownTests */ = {
			isa = PBXNativeTarget;
			buildConfigurationList = 5B0E968F2E046AB300BA7CCC /* Build configuration list for PBXNativeTarget "JotDownTests" */;
			buildPhases = (
				5B0E96742E046AB300BA7CCC /* Sources */,
				5B0E96752E046AB300BA7CCC /* Frameworks */,
				5B0E96762E046AB300BA7CCC /* Resources */,
			);
			buildRules = (
			);
			dependencies = (
				5B0E967A2E046AB300BA7CCC /* PBXTargetDependency */,
			);
			fileSystemSynchronizedGroups = (
				5B0E967B2E046AB300BA7CCC /* JotDownTests */,
			);
			name = JotDownTests;
			packageProductDependencies = (
			);
			productName = JotDownTests;
			productReference = 5B0E96782E046AB300BA7CCC /* JotDownTests.xctest */;
			productType = "com.apple.product-type.bundle.unit-test";
		};
		5B0E96812E046AB300BA7CCC /* JotDownUITests */ = {
			isa = PBXNativeTarget;
			buildConfigurationList = 5B0E96922E046AB300BA7CCC /* Build configuration list for PBXNativeTarget "JotDownUITests" */;
			buildPhases = (
				5B0E967E2E046AB300BA7CCC /* Sources */,
				5B0E967F2E046AB300BA7CCC /* Frameworks */,
				5B0E96802E046AB300BA7CCC /* Resources */,
			);
			buildRules = (
			);
			dependencies = (
				5B0E96842E046AB300BA7CCC /* PBXTargetDependency */,
			);
			fileSystemSynchronizedGroups = (
				5B0E96852E046AB300BA7CCC /* JotDownUITests */,
			);
			name = JotDownUITests;
			packageProductDependencies = (
			);
			productName = JotDownUITests;
			productReference = 5B0E96822E046AB300BA7CCC /* JotDownUITests.xctest */;
			productType = "com.apple.product-type.bundle.ui-testing";
		};
/* End PBXNativeTarget section */

/* Begin PBXProject section */
		5B0E965F2E046AB000BA7CCC /* Project object */ = {
			isa = PBXProject;
			attributes = {
				BuildIndependentTargetsInParallel = 1;
				LastSwiftUpdateCheck = 1640;
				LastUpgradeCheck = 1640;
				TargetAttributes = {
					5B0E96662E046AB000BA7CCC = {
						CreatedOnToolsVersion = 16.4;
					};
					5B0E96772E046AB300BA7CCC = {
						CreatedOnToolsVersion = 16.4;
						TestTargetID = 5B0E96662E046AB000BA7CCC;
					};
					5B0E96812E046AB300BA7CCC = {
						CreatedOnToolsVersion = 16.4;
						TestTargetID = 5B0E96662E046AB000BA7CCC;
					};
				};
			};
			buildConfigurationList = 5B0E96622E046AB000BA7CCC /* Build configuration list for PBXProject "JotDown" */;
			developmentRegion = en;
			hasScannedForEncodings = 0;
			knownRegions = (
				en,
				Base,
			);
			mainGroup = 5B0E965E2E046AB000BA7CCC;
			minimizedProjectReferenceProxies = 1;
			packageReferences = (
				5B0E974B2E05DEFF00BA7CCC /* XCRemoteSwiftPackageReference "KeyboardShortcuts" */,
			);
			preferredProjectObjectVersion = 77;
			productRefGroup = 5B0E96682E046AB000BA7CCC /* Products */;
			projectDirPath = "";
			projectRoot = "";
			targets = (
				5B0E96662E046AB000BA7CCC /* JotDown */,
				5B0E96772E046AB300BA7CCC /* JotDownTests */,
				5B0E96812E046AB300BA7CCC /* JotDownUITests */,
			);
		};
/* End PBXProject section */

/* Begin PBXResourcesBuildPhase section */
		5B0E96652E046AB000BA7CCC /* Resources */ = {
			isa = PBXResourcesBuildPhase;
			buildActionMask = 2147483647;
			files = (
			);
			runOnlyForDeploymentPostprocessing = 0;
		};
		5B0E96762E046AB300BA7CCC /* Resources */ = {
			isa = PBXResourcesBuildPhase;
			buildActionMask = 2147483647;
			files = (
			);
			runOnlyForDeploymentPostprocessing = 0;
		};
		5B0E96802E046AB300BA7CCC /* Resources */ = {
			isa = PBXResourcesBuildPhase;
			buildActionMask = 2147483647;
			files = (
			);
			runOnlyForDeploymentPostprocessing = 0;
		};
/* End PBXResourcesBuildPhase section */

/* Begin PBXSourcesBuildPhase section */
		5B0E96632E046AB000BA7CCC /* Sources */ = {
			isa = PBXSourcesBuildPhase;
			buildActionMask = 2147483647;
			files = (
			);
			runOnlyForDeploymentPostprocessing = 0;
		};
		5B0E96742E046AB300BA7CCC /* Sources */ = {
			isa = PBXSourcesBuildPhase;
			buildActionMask = 2147483647;
			files = (
			);
			runOnlyForDeploymentPostprocessing = 0;
		};
		5B0E967E2E046AB300BA7CCC /* Sources */ = {
			isa = PBXSourcesBuildPhase;
			buildActionMask = 2147483647;
			files = (
			);
			runOnlyForDeploymentPostprocessing = 0;
		};
/* End PBXSourcesBuildPhase section */

/* Begin PBXTargetDependency section */
		5B0E967A2E046AB300BA7CCC /* PBXTargetDependency */ = {
			isa = PBXTargetDependency;
			target = 5B0E96662E046AB000BA7CCC /* JotDown */;
			targetProxy = 5B0E96792E046AB300BA7CCC /* PBXContainerItemProxy */;
		};
		5B0E96842E046AB300BA7CCC /* PBXTargetDependency */ = {
			isa = PBXTargetDependency;
			target = 5B0E96662E046AB000BA7CCC /* JotDown */;
			targetProxy = 5B0E96832E046AB300BA7CCC /* PBXContainerItemProxy */;
		};
/* End PBXTargetDependency section */

/* Begin XCBuildConfiguration section */
		5B0E968A2E046AB300BA7CCC /* Debug */ = {
			isa = XCBuildConfiguration;
			buildSettings = {
				ALWAYS_SEARCH_USER_PATHS = NO;
				ASSETCATALOG_COMPILER_GENERATE_SWIFT_ASSET_SYMBOL_EXTENSIONS = YES;
				CLANG_ANALYZER_NONNULL = YES;
				CLANG_ANALYZER_NUMBER_OBJECT_CONVERSION = YES_AGGRESSIVE;
				CLANG_CXX_LANGUAGE_STANDARD = "gnu++20";
				CLANG_ENABLE_MODULES = YES;
				CLANG_ENABLE_OBJC_ARC = YES;
				CLANG_ENABLE_OBJC_WEAK = YES;
				CLANG_WARN_BLOCK_CAPTURE_AUTORELEASING = YES;
				CLANG_WARN_BOOL_CONVERSION = YES;
				CLANG_WARN_COMMA = YES;
				CLANG_WARN_CONSTANT_CONVERSION = YES;
				CLANG_WARN_DEPRECATED_OBJC_IMPLEMENTATIONS = YES;
				CLANG_WARN_DIRECT_OBJC_ISA_USAGE = YES_ERROR;
				CLANG_WARN_DOCUMENTATION_COMMENTS = YES;
				CLANG_WARN_EMPTY_BODY = YES;
				CLANG_WARN_ENUM_CONVERSION = YES;
				CLANG_WARN_INFINITE_RECURSION = YES;
				CLANG_WARN_INT_CONVERSION = YES;
				CLANG_WARN_NON_LITERAL_NULL_CONVERSION = YES;
				CLANG_WARN_OBJC_IMPLICIT_RETAIN_SELF = YES;
				CLANG_WARN_OBJC_LITERAL_CONVERSION = YES;
				CLANG_WARN_OBJC_ROOT_CLASS = YES_ERROR;
				CLANG_WARN_QUOTED_INCLUDE_IN_FRAMEWORK_HEADER = YES;
				CLANG_WARN_RANGE_LOOP_ANALYSIS = YES;
				CLANG_WARN_STRICT_PROTOTYPES = YES;
				CLANG_WARN_SUSPICIOUS_MOVE = YES;
				CLANG_WARN_UNGUARDED_AVAILABILITY = YES_AGGRESSIVE;
				CLANG_WARN_UNREACHABLE_CODE = YES;
				CLANG_WARN__DUPLICATE_METHOD_MATCH = YES;
				COPY_PHASE_STRIP = NO;
				DEBUG_INFORMATION_FORMAT = dwarf;
				DEVELOPMENT_TEAM = HG5RR9BKZR;
				ENABLE_STRICT_OBJC_MSGSEND = YES;
				ENABLE_TESTABILITY = YES;
				ENABLE_USER_SCRIPT_SANDBOXING = YES;
				GCC_C_LANGUAGE_STANDARD = gnu17;
				GCC_DYNAMIC_NO_PIC = NO;
				GCC_NO_COMMON_BLOCKS = YES;
				GCC_OPTIMIZATION_LEVEL = 0;
				GCC_PREPROCESSOR_DEFINITIONS = (
					"DEBUG=1",
					"$(inherited)",
				);
				GCC_WARN_64_TO_32_BIT_CONVERSION = YES;
				GCC_WARN_ABOUT_RETURN_TYPE = YES_ERROR;
				GCC_WARN_UNDECLARED_SELECTOR = YES;
				GCC_WARN_UNINITIALIZED_AUTOS = YES_AGGRESSIVE;
				GCC_WARN_UNUSED_FUNCTION = YES;
				GCC_WARN_UNUSED_VARIABLE = YES;
				LOCALIZATION_PREFERS_STRING_CATALOGS = YES;
				MACOSX_DEPLOYMENT_TARGET = 15.4;
				MTL_ENABLE_DEBUG_INFO = INCLUDE_SOURCE;
				MTL_FAST_MATH = YES;
				ONLY_ACTIVE_ARCH = YES;
				SDKROOT = macosx;
				SWIFT_ACTIVE_COMPILATION_CONDITIONS = "DEBUG $(inherited)";
				SWIFT_OPTIMIZATION_LEVEL = "-Onone";
			};
			name = Debug;
		};
		5B0E968B2E046AB300BA7CCC /* Release */ = {
			isa = XCBuildConfiguration;
			buildSettings = {
				ALWAYS_SEARCH_USER_PATHS = NO;
				ASSETCATALOG_COMPILER_GENERATE_SWIFT_ASSET_SYMBOL_EXTENSIONS = YES;
				CLANG_ANALYZER_NONNULL = YES;
				CLANG_ANALYZER_NUMBER_OBJECT_CONVERSION = YES_AGGRESSIVE;
				CLANG_CXX_LANGUAGE_STANDARD = "gnu++20";
				CLANG_ENABLE_MODULES = YES;
				CLANG_ENABLE_OBJC_ARC = YES;
				CLANG_ENABLE_OBJC_WEAK = YES;
				CLANG_WARN_BLOCK_CAPTURE_AUTORELEASING = YES;
				CLANG_WARN_BOOL_CONVERSION = YES;
				CLANG_WARN_COMMA = YES;
				CLANG_WARN_CONSTANT_CONVERSION = YES;
				CLANG_WARN_DEPRECATED_OBJC_IMPLEMENTATIONS = YES;
				CLANG_WARN_DIRECT_OBJC_ISA_USAGE = YES_ERROR;
				CLANG_WARN_DOCUMENTATION_COMMENTS = YES;
				CLANG_WARN_EMPTY_BODY = YES;
				CLANG_WARN_ENUM_CONVERSION = YES;
				CLANG_WARN_INFINITE_RECURSION = YES;
				CLANG_WARN_INT_CONVERSION = YES;
				CLANG_WARN_NON_LITERAL_NULL_CONVERSION = YES;
				CLANG_WARN_OBJC_IMPLICIT_RETAIN_SELF = YES;
				CLANG_WARN_OBJC_LITERAL_CONVERSION = YES;
				CLANG_WARN_OBJC_ROOT_CLASS = YES_ERROR;
				CLANG_WARN_QUOTED_INCLUDE_IN_FRAMEWORK_HEADER = YES;
				CLANG_WARN_RANGE_LOOP_ANALYSIS = YES;
				CLANG_WARN_STRICT_PROTOTYPES = YES;
				CLANG_WARN_SUSPICIOUS_MOVE = YES;
				CLANG_WARN_UNGUARDED_AVAILABILITY = YES_AGGRESSIVE;
				CLANG_WARN_UNREACHABLE_CODE = YES;
				CLANG_WARN__DUPLICATE_METHOD_MATCH = YES;
				COPY_PHASE_STRIP = NO;
				DEBUG_INFORMATION_FORMAT = "dwarf-with-dsym";
				DEVELOPMENT_TEAM = HG5RR9BKZR;
				ENABLE_NS_ASSERTIONS = NO;
				ENABLE_STRICT_OBJC_MSGSEND = YES;
				ENABLE_USER_SCRIPT_SANDBOXING = YES;
				GCC_C_LANGUAGE_STANDARD = gnu17;
				GCC_NO_COMMON_BLOCKS = YES;
				GCC_WARN_64_TO_32_BIT_CONVERSION = YES;
				GCC_WARN_ABOUT_RETURN_TYPE = YES_ERROR;
				GCC_WARN_UNDECLARED_SELECTOR = YES;
				GCC_WARN_UNINITIALIZED_AUTOS = YES_AGGRESSIVE;
				GCC_WARN_UNUSED_FUNCTION = YES;
				GCC_WARN_UNUSED_VARIABLE = YES;
				LOCALIZATION_PREFERS_STRING_CATALOGS = YES;
				MACOSX_DEPLOYMENT_TARGET = 15.4;
				MTL_ENABLE_DEBUG_INFO = NO;
				MTL_FAST_MATH = YES;
				SDKROOT = macosx;
				SWIFT_COMPILATION_MODE = wholemodule;
			};
			name = Release;
		};
		5B0E968D2E046AB300BA7CCC /* Debug */ = {
			isa = XCBuildConfiguration;
			buildSettings = {
				ASSETCATALOG_COMPILER_APPICON_NAME = AppIcon;
				ASSETCATALOG_COMPILER_GLOBAL_ACCENT_COLOR_NAME = AccentColor;
				CODE_SIGN_ENTITLEMENTS = JotDown/JotDown.entitlements;
				CODE_SIGN_STYLE = Automatic;
				COMBINE_HIDPI_IMAGES = YES;
				CURRENT_PROJECT_VERSION = 1;
				DEVELOPMENT_TEAM = HG5RR9BKZR;
				ENABLE_HARDENED_RUNTIME = YES;
				GENERATE_INFOPLIST_FILE = YES;
				INFOPLIST_FILE = JotDown/Info.plist;
				INFOPLIST_KEY_CFBundleDisplayName = JotDown;
				INFOPLIST_KEY_LSApplicationCategoryType = "public.app-category.productivity";
				INFOPLIST_KEY_LSUIElement = NO;
				INFOPLIST_KEY_NSHumanReadableCopyright = "";
				INFOPLIST_KEY_NSMainStoryboardFile = Main;
				INFOPLIST_KEY_NSPrincipalClass = NSApplication;
				LD_RUNPATH_SEARCH_PATHS = (
					"$(inherited)",
					"@executable_path/../Frameworks",
				);
				MACOSX_DEPLOYMENT_TARGET = 14.6;
				MARKETING_VERSION = 1.0;
				PRODUCT_BUNDLE_IDENTIFIER = in.rishisingh.JotDown;
				PRODUCT_NAME = "$(TARGET_NAME)";
				REGISTER_APP_GROUPS = YES;
				SWIFT_EMIT_LOC_STRINGS = YES;
				SWIFT_VERSION = 5.0;
			};
			name = Debug;
		};
		5B0E968E2E046AB300BA7CCC /* Release */ = {
			isa = XCBuildConfiguration;
			buildSettings = {
				ASSETCATALOG_COMPILER_APPICON_NAME = AppIcon;
				ASSETCATALOG_COMPILER_GLOBAL_ACCENT_COLOR_NAME = AccentColor;
				CODE_SIGN_ENTITLEMENTS = JotDown/JotDown.entitlements;
				CODE_SIGN_STYLE = Automatic;
				COMBINE_HIDPI_IMAGES = YES;
				CURRENT_PROJECT_VERSION = 1;
				DEVELOPMENT_TEAM = HG5RR9BKZR;
				ENABLE_HARDENED_RUNTIME = YES;
				GENERATE_INFOPLIST_FILE = YES;
				INFOPLIST_FILE = JotDown/Info.plist;
				INFOPLIST_KEY_CFBundleDisplayName = JotDown;
				INFOPLIST_KEY_LSApplicationCategoryType = "public.app-category.productivity";
				INFOPLIST_KEY_LSUIElement = NO;
				INFOPLIST_KEY_NSHumanReadableCopyright = "";
				INFOPLIST_KEY_NSMainStoryboardFile = Main;
				INFOPLIST_KEY_NSPrincipalClass = NSApplication;
				LD_RUNPATH_SEARCH_PATHS = (
					"$(inherited)",
					"@executable_path/../Frameworks",
				);
				MACOSX_DEPLOYMENT_TARGET = 14.6;
				MARKETING_VERSION = 1.0;
				PRODUCT_BUNDLE_IDENTIFIER = in.rishisingh.JotDown;
				PRODUCT_NAME = "$(TARGET_NAME)";
				REGISTER_APP_GROUPS = YES;
				SWIFT_EMIT_LOC_STRINGS = YES;
				SWIFT_VERSION = 5.0;
			};
			name = Release;
		};
		5B0E96902E046AB300BA7CCC /* Debug */ = {
			isa = XCBuildConfiguration;
			buildSettings = {
				BUNDLE_LOADER = "$(TEST_HOST)";
				CODE_SIGN_STYLE = Automatic;
				CURRENT_PROJECT_VERSION = 1;
				DEVELOPMENT_TEAM = HG5RR9BKZR;
				GENERATE_INFOPLIST_FILE = YES;
				MACOSX_DEPLOYMENT_TARGET = 15.4;
				MARKETING_VERSION = 1.0;
				PRODUCT_BUNDLE_IDENTIFIER = in.rishisingh.JotDownTests;
				PRODUCT_NAME = "$(TARGET_NAME)";
				SWIFT_EMIT_LOC_STRINGS = NO;
				SWIFT_VERSION = 5.0;
				TEST_HOST = "$(BUILT_PRODUCTS_DIR)/JotDown.app/$(BUNDLE_EXECUTABLE_FOLDER_PATH)/JotDown";
			};
			name = Debug;
		};
		5B0E96912E046AB300BA7CCC /* Release */ = {
			isa = XCBuildConfiguration;
			buildSettings = {
				BUNDLE_LOADER = "$(TEST_HOST)";
				CODE_SIGN_STYLE = Automatic;
				CURRENT_PROJECT_VERSION = 1;
				DEVELOPMENT_TEAM = HG5RR9BKZR;
				GENERATE_INFOPLIST_FILE = YES;
				MACOSX_DEPLOYMENT_TARGET = 15.4;
				MARKETING_VERSION = 1.0;
				PRODUCT_BUNDLE_IDENTIFIER = in.rishisingh.JotDownTests;
				PRODUCT_NAME = "$(TARGET_NAME)";
				SWIFT_EMIT_LOC_STRINGS = NO;
				SWIFT_VERSION = 5.0;
				TEST_HOST = "$(BUILT_PRODUCTS_DIR)/JotDown.app/$(BUNDLE_EXECUTABLE_FOLDER_PATH)/JotDown";
			};
			name = Release;
		};
		5B0E96932E046AB300BA7CCC /* Debug */ = {
			isa = XCBuildConfiguration;
			buildSettings = {
				CODE_SIGN_STYLE = Automatic;
				CURRENT_PROJECT_VERSION = 1;
				DEVELOPMENT_TEAM = HG5RR9BKZR;
				GENERATE_INFOPLIST_FILE = YES;
				MARKETING_VERSION = 1.0;
				PRODUCT_BUNDLE_IDENTIFIER = in.rishisingh.JotDownUITests;
				PRODUCT_NAME = "$(TARGET_NAME)";
				SWIFT_EMIT_LOC_STRINGS = NO;
				SWIFT_VERSION = 5.0;
				TEST_TARGET_NAME = JotDown;
			};
			name = Debug;
		};
		5B0E96942E046AB300BA7CCC /* Release */ = {
			isa = XCBuildConfiguration;
			buildSettings = {
				CODE_SIGN_STYLE = Automatic;
				CURRENT_PROJECT_VERSION = 1;
				DEVELOPMENT_TEAM = HG5RR9BKZR;
				GENERATE_INFOPLIST_FILE = YES;
				MARKETING_VERSION = 1.0;
				PRODUCT_BUNDLE_IDENTIFIER = in.rishisingh.JotDownUITests;
				PRODUCT_NAME = "$(TARGET_NAME)";
				SWIFT_EMIT_LOC_STRINGS = NO;
				SWIFT_VERSION = 5.0;
				TEST_TARGET_NAME = JotDown;
			};
			name = Release;
		};
/* End XCBuildConfiguration section */

/* Begin XCConfigurationList section */
		5B0E96622E046AB000BA7CCC /* Build configuration list for PBXProject "JotDown" */ = {
			isa = XCConfigurationList;
			buildConfigurations = (
				5B0E968A2E046AB300BA7CCC /* Debug */,
				5B0E968B2E046AB300BA7CCC /* Release */,
			);
			defaultConfigurationIsVisible = 0;
			defaultConfigurationName = Release;
		};
		5B0E968C2E046AB300BA7CCC /* Build configuration list for PBXNativeTarget "JotDown" */ = {
			isa = XCConfigurationList;
			buildConfigurations = (
				5B0E968D2E046AB300BA7CCC /* Debug */,
				5B0E968E2E046AB300BA7CCC /* Release */,
			);
			defaultConfigurationIsVisible = 0;
			defaultConfigurationName = Release;
		};
		5B0E968F2E046AB300BA7CCC /* Build configuration list for PBXNativeTarget "JotDownTests" */ = {
			isa = XCConfigurationList;
			buildConfigurations = (
				5B0E96902E046AB300BA7CCC /* Debug */,
				5B0E96912E046AB300BA7CCC /* Release */,
			);
			defaultConfigurationIsVisible = 0;
			defaultConfigurationName = Release;
		};
		5B0E96922E046AB300BA7CCC /* Build configuration list for PBXNativeTarget "JotDownUITests" */ = {
			isa = XCConfigurationList;
			buildConfigurations = (
				5B0E96932E046AB300BA7CCC /* Debug */,
				5B0E96942E046AB300BA7CCC /* Release */,
			);
			defaultConfigurationIsVisible = 0;
			defaultConfigurationName = Release;
		};
/* End XCConfigurationList section */

/* Begin XCRemoteSwiftPackageReference section */
		5B0E974B2E05DEFF00BA7CCC /* XCRemoteSwiftPackageReference "KeyboardShortcuts" */ = {
			isa = XCRemoteSwiftPackageReference;
			repositoryURL = "https://github.com/sindresorhus/KeyboardShortcuts";
			requirement = {
				kind = upToNextMajorVersion;
				minimumVersion = 2.3.0;
			};
		};
/* End XCRemoteSwiftPackageReference section */

/* Begin XCSwiftPackageProductDependency section */
		5B0E974C2E05DEFF00BA7CCC /* KeyboardShortcuts */ = {
			isa = XCSwiftPackageProductDependency;
			package = 5B0E974B2E05DEFF00BA7CCC /* XCRemoteSwiftPackageReference "KeyboardShortcuts" */;
			productName = KeyboardShortcuts;
		};
/* End XCSwiftPackageProductDependency section */
	};
	rootObject = 5B0E965F2E046AB000BA7CCC /* Project object */;
}
